// !$*UTF8*$!
{
	archiveVersion = 1;
	classes = {
	};
	objectVersion = 46;
	objects = {

/* Begin PBXBuildFile section */
		41CA16D413CBDCE50035C8D7 /* UIKit.framework in Frameworks */ = {isa = PBXBuildFile; fileRef = 41CA16D313CBDCE50035C8D7 /* UIKit.framework */; };
		41CA16D613CBDCE50035C8D7 /* Foundation.framework in Frameworks */ = {isa = PBXBuildFile; fileRef = 41CA16D513CBDCE50035C8D7 /* Foundation.framework */; };
		41CA16D813CBDCE50035C8D7 /* CoreGraphics.framework in Frameworks */ = {isa = PBXBuildFile; fileRef = 41CA16D713CBDCE50035C8D7 /* CoreGraphics.framework */; };
		41CA16DE13CBDCE50035C8D7 /* InfoPlist.strings in Resources */ = {isa = PBXBuildFile; fileRef = 41CA16DC13CBDCE50035C8D7 /* InfoPlist.strings */; };
		41CA16E113CBDCE50035C8D7 /* main.m in Sources */ = {isa = PBXBuildFile; fileRef = 41CA16E013CBDCE50035C8D7 /* main.m */; };
		41CA16E413CBDCE50035C8D7 /* SaveExampleAppDelegate.m in Sources */ = {isa = PBXBuildFile; fileRef = 41CA16E313CBDCE50035C8D7 /* SaveExampleAppDelegate.m */; };
		41CA16E713CBDCE50035C8D7 /* MainWindow.xib in Resources */ = {isa = PBXBuildFile; fileRef = 41CA16E513CBDCE50035C8D7 /* MainWindow.xib */; };
		41CA16EA13CBDCE50035C8D7 /* SaveExampleViewController.m in Sources */ = {isa = PBXBuildFile; fileRef = 41CA16E913CBDCE50035C8D7 /* SaveExampleViewController.m */; };
		41CA16ED13CBDCE50035C8D7 /* SaveExampleViewController.xib in Resources */ = {isa = PBXBuildFile; fileRef = 41CA16EB13CBDCE50035C8D7 /* SaveExampleViewController.xib */; };
		41CA16F913CBDD130035C8D7 /* ABLFXSaveSystemIOS.m in Sources */ = {isa = PBXBuildFile; fileRef = 41CA16F813CBDD130035C8D7 /* ABLFXSaveSystemIOS.m */; };
/* End PBXBuildFile section */

/* Begin PBXFileReference section */
		41CA16CF13CBDCE50035C8D7 /* SaveExample.app */ = {isa = PBXFileReference; explicitFileType = wrapper.application; includeInIndex = 0; path = SaveExample.app; sourceTree = BUILT_PRODUCTS_DIR; };
		41CA16D313CBDCE50035C8D7 /* UIKit.framework */ = {isa = PBXFileReference; lastKnownFileType = wrapper.framework; name = UIKit.framework; path = System/Library/Frameworks/UIKit.framework; sourceTree = SDKROOT; };
		41CA16D513CBDCE50035C8D7 /* Foundation.framework */ = {isa = PBXFileReference; lastKnownFileType = wrapper.framework; name = Foundation.framework; path = System/Library/Frameworks/Foundation.framework; sourceTree = SDKROOT; };
		41CA16D713CBDCE50035C8D7 /* CoreGraphics.framework */ = {isa = PBXFileReference; lastKnownFileType = wrapper.framework; name = CoreGraphics.framework; path = System/Library/Frameworks/CoreGraphics.framework; sourceTree = SDKROOT; };
		41CA16DB13CBDCE50035C8D7 /* SaveExample-Info.plist */ = {isa = PBXFileReference; lastKnownFileType = text.plist.xml; path = "SaveExample-Info.plist"; sourceTree = "<group>"; };
		41CA16DD13CBDCE50035C8D7 /* en */ = {isa = PBXFileReference; lastKnownFileType = text.plist.strings; name = en; path = en.lproj/InfoPlist.strings; sourceTree = "<group>"; };
		41CA16DF13CBDCE50035C8D7 /* SaveExample-Prefix.pch */ = {isa = PBXFileReference; lastKnownFileType = sourcecode.c.h; path = "SaveExample-Prefix.pch"; sourceTree = "<group>"; };
		41CA16E013CBDCE50035C8D7 /* main.m */ = {isa = PBXFileReference; lastKnownFileType = sourcecode.c.objc; path = main.m; sourceTree = "<group>"; };
		41CA16E213CBDCE50035C8D7 /* SaveExampleAppDelegate.h */ = {isa = PBXFileReference; lastKnownFileType = sourcecode.c.h; path = SaveExampleAppDelegate.h; sourceTree = "<group>"; };
		41CA16E313CBDCE50035C8D7 /* SaveExampleAppDelegate.m */ = {isa = PBXFileReference; lastKnownFileType = sourcecode.c.objc; path = SaveExampleAppDelegate.m; sourceTree = "<group>"; };
		41CA16E613CBDCE50035C8D7 /* en */ = {isa = PBXFileReference; lastKnownFileType = file.xib; name = en; path = en.lproj/MainWindow.xib; sourceTree = "<group>"; };
		41CA16E813CBDCE50035C8D7 /* SaveExampleViewController.h */ = {isa = PBXFileReference; lastKnownFileType = sourcecode.c.h; path = SaveExampleViewController.h; sourceTree = "<group>"; };
		41CA16E913CBDCE50035C8D7 /* SaveExampleViewController.m */ = {isa = PBXFileReference; lastKnownFileType = sourcecode.c.objc; path = SaveExampleViewController.m; sourceTree = "<group>"; };
		41CA16EC13CBDCE50035C8D7 /* en */ = {isa = PBXFileReference; lastKnownFileType = file.xib; name = en; path = en.lproj/SaveExampleViewController.xib; sourceTree = "<group>"; };
		41CA16F713CBDD130035C8D7 /* ABLFXSaveSystemIOS.h */ = {isa = PBXFileReference; fileEncoding = 4; lastKnownFileType = sourcecode.c.h; path = ABLFXSaveSystemIOS.h; sourceTree = "<group>"; };
		41CA16F813CBDD130035C8D7 /* ABLFXSaveSystemIOS.m */ = {isa = PBXFileReference; fileEncoding = 4; lastKnownFileType = sourcecode.c.objc; path = ABLFXSaveSystemIOS.m; sourceTree = "<group>"; };
/* End PBXFileReference section */

/* Begin PBXFrameworksBuildPhase section */
		41CA16CC13CBDCE50035C8D7 /* Frameworks */ = {
			isa = PBXFrameworksBuildPhase;
			buildActionMask = 2147483647;
			files = (
				41CA16D413CBDCE50035C8D7 /* UIKit.framework in Frameworks */,
				41CA16D613CBDCE50035C8D7 /* Foundation.framework in Frameworks */,
				41CA16D813CBDCE50035C8D7 /* CoreGraphics.framework in Frameworks */,
			);
			runOnlyForDeploymentPostprocessing = 0;
		};
/* End PBXFrameworksBuildPhase section */

/* Begin PBXGroup section */
		41CA16C413CBDCE50035C8D7 = {
			isa = PBXGroup;
			children = (
				41CA16D913CBDCE50035C8D7 /* SaveExample */,
				41CA16D213CBDCE50035C8D7 /* Frameworks */,
				41CA16D013CBDCE50035C8D7 /* Products */,
			);
			sourceTree = "<group>";
		};
		41CA16D013CBDCE50035C8D7 /* Products */ = {
			isa = PBXGroup;
			children = (
				41CA16CF13CBDCE50035C8D7 /* SaveExample.app */,
			);
			name = Products;
			sourceTree = "<group>";
		};
		41CA16D213CBDCE50035C8D7 /* Frameworks */ = {
			isa = PBXGroup;
			children = (
				41CA16D313CBDCE50035C8D7 /* UIKit.framework */,
				41CA16D513CBDCE50035C8D7 /* Foundation.framework */,
				41CA16D713CBDCE50035C8D7 /* CoreGraphics.framework */,
			);
			name = Frameworks;
			sourceTree = "<group>";
		};
		41CA16D913CBDCE50035C8D7 /* SaveExample */ = {
			isa = PBXGroup;
			children = (
				41CA16F713CBDD130035C8D7 /* ABLFXSaveSystemIOS.h */,
				41CA16F813CBDD130035C8D7 /* ABLFXSaveSystemIOS.m */,
				41CA16E213CBDCE50035C8D7 /* SaveExampleAppDelegate.h */,
				41CA16E313CBDCE50035C8D7 /* SaveExampleAppDelegate.m */,
				41CA16E513CBDCE50035C8D7 /* MainWindow.xib */,
				41CA16E813CBDCE50035C8D7 /* SaveExampleViewController.h */,
				41CA16E913CBDCE50035C8D7 /* SaveExampleViewController.m */,
				41CA16EB13CBDCE50035C8D7 /* SaveExampleViewController.xib */,
				41CA16DA13CBDCE50035C8D7 /* Supporting Files */,
			);
			path = SaveExample;
			sourceTree = "<group>";
		};
		41CA16DA13CBDCE50035C8D7 /* Supporting Files */ = {
			isa = PBXGroup;
			children = (
				41CA16DB13CBDCE50035C8D7 /* SaveExample-Info.plist */,
				41CA16DC13CBDCE50035C8D7 /* InfoPlist.strings */,
				41CA16DF13CBDCE50035C8D7 /* SaveExample-Prefix.pch */,
				41CA16E013CBDCE50035C8D7 /* main.m */,
			);
			name = "Supporting Files";
			sourceTree = "<group>";
		};
/* End PBXGroup section */

/* Begin PBXNativeTarget section */
		41CA16CE13CBDCE50035C8D7 /* SaveExample */ = {
			isa = PBXNativeTarget;
			buildConfigurationList = 41CA16F013CBDCE50035C8D7 /* Build configuration list for PBXNativeTarget "SaveExample" */;
			buildPhases = (
				41CA16CB13CBDCE50035C8D7 /* Sources */,
				41CA16CC13CBDCE50035C8D7 /* Frameworks */,
				41CA16CD13CBDCE50035C8D7 /* Resources */,
			);
			buildRules = (
			);
			dependencies = (
			);
			name = SaveExample;
			productName = SaveExample;
			productReference = 41CA16CF13CBDCE50035C8D7 /* SaveExample.app */;
			productType = "com.apple.product-type.application";
		};
/* End PBXNativeTarget section */

/* Begin PBXProject section */
		41CA16C613CBDCE50035C8D7 /* Project object */ = {
			isa = PBXProject;
			attributes = {
				ORGANIZATIONNAME = ablfx;
			};
			buildConfigurationList = 41CA16C913CBDCE50035C8D7 /* Build configuration list for PBXProject "SaveExample" */;
			compatibilityVersion = "Xcode 3.2";
			developmentRegion = English;
			hasScannedForEncodings = 0;
			knownRegions = (
				en,
			);
			mainGroup = 41CA16C413CBDCE50035C8D7;
			productRefGroup = 41CA16D013CBDCE50035C8D7 /* Products */;
			projectDirPath = "";
			projectRoot = "";
			targets = (
				41CA16CE13CBDCE50035C8D7 /* SaveExample */,
			);
		};
/* End PBXProject section */

/* Begin PBXResourcesBuildPhase section */
		41CA16CD13CBDCE50035C8D7 /* Resources */ = {
			isa = PBXResourcesBuildPhase;
			buildActionMask = 2147483647;
			files = (
				41CA16DE13CBDCE50035C8D7 /* InfoPlist.strings in Resources */,
				41CA16E713CBDCE50035C8D7 /* MainWindow.xib in Resources */,
				41CA16ED13CBDCE50035C8D7 /* SaveExampleViewController.xib in Resources */,
			);
			runOnlyForDeploymentPostprocessing = 0;
		};
/* End PBXResourcesBuildPhase section */

/* Begin PBXSourcesBuildPhase section */
		41CA16CB13CBDCE50035C8D7 /* Sources */ = {
			isa = PBXSourcesBuildPhase;
			buildActionMask = 2147483647;
			files = (
				41CA16E113CBDCE50035C8D7 /* main.m in Sources */,
				41CA16E413CBDCE50035C8D7 /* SaveExampleAppDelegate.m in Sources */,
				41CA16EA13CBDCE50035C8D7 /* SaveExampleViewController.m in Sources */,
				41CA16F913CBDD130035C8D7 /* ABLFXSaveSystemIOS.m in Sources */,
			);
			runOnlyForDeploymentPostprocessing = 0;
		};
/* End PBXSourcesBuildPhase section */

/* Begin PBXVariantGroup section */
		41CA16DC13CBDCE50035C8D7 /* InfoPlist.strings */ = {
			isa = PBXVariantGroup;
			children = (
				41CA16DD13CBDCE50035C8D7 /* en */,
			);
			name = InfoPlist.strings;
			sourceTree = "<group>";
		};
		41CA16E513CBDCE50035C8D7 /* MainWindow.xib */ = {
			isa = PBXVariantGroup;
			children = (
				41CA16E613CBDCE50035C8D7 /* en */,
			);
			name = MainWindow.xib;
			sourceTree = "<group>";
		};
		41CA16EB13CBDCE50035C8D7 /* SaveExampleViewController.xib */ = {
			isa = PBXVariantGroup;
			children = (
				41CA16EC13CBDCE50035C8D7 /* en */,
			);
			name = SaveExampleViewController.xib;
			sourceTree = "<group>";
		};
/* End PBXVariantGroup section */

/* Begin XCBuildConfiguration section */
		41CA16EE13CBDCE50035C8D7 /* Debug */ = {
			isa = XCBuildConfiguration;
			buildSettings = {
				ARCHS = "$(ARCHS_STANDARD_32_BIT)";
				"CODE_SIGN_IDENTITY[sdk=iphoneos*]" = "iPhone Developer";
				GCC_C_LANGUAGE_STANDARD = gnu99;
				GCC_OPTIMIZATION_LEVEL = 0;
				GCC_PREPROCESSOR_DEFINITIONS = DEBUG;
				GCC_SYMBOLS_PRIVATE_EXTERN = NO;
				GCC_VERSION = com.apple.compilers.llvmgcc42;
				GCC_WARN_ABOUT_RETURN_TYPE = YES;
				GCC_WARN_UNUSED_VARIABLE = YES;
				IPHONEOS_DEPLOYMENT_TARGET = 4.3;
				SDKROOT = iphoneos;
			};
			name = Debug;
		};
		41CA16EF13CBDCE50035C8D7 /* Release */ = {
			isa = XCBuildConfiguration;
			buildSettings = {
				ARCHS = "$(ARCHS_STANDARD_32_BIT)";
				"CODE_SIGN_IDENTITY[sdk=iphoneos*]" = "iPhone Developer";
				GCC_C_LANGUAGE_STANDARD = gnu99;
				GCC_VERSION = com.apple.compilers.llvmgcc42;
				GCC_WARN_ABOUT_RETURN_TYPE = YES;
				GCC_WARN_UNUSED_VARIABLE = YES;
				IPHONEOS_DEPLOYMENT_TARGET = 4.3;
				OTHER_CFLAGS = "-DNS_BLOCK_ASSERTIONS=1";
				SDKROOT = iphoneos;
			};
			name = Release;
		};
		41CA16F113CBDCE50035C8D7 /* Debug */ = {
			isa = XCBuildConfiguration;
			buildSettings = {
				ALWAYS_SEARCH_USER_PATHS = NO;
				COPY_PHASE_STRIP = NO;
				GCC_DYNAMIC_NO_PIC = NO;
				GCC_PRECOMPILE_PREFIX_HEADER = YES;
				GCC_PREFIX_HEADER = "SaveExample/SaveExample-Prefix.pch";
				INFOPLIST_FILE = "SaveExample/SaveExample-Info.plist";
				PRODUCT_NAME = "$(TARGET_NAME)";
				WRAPPER_EXTENSION = app;
			};
			name = Debug;
		};
		41CA16F213CBDCE50035C8D7 /* Release */ = {
			isa = XCBuildConfiguration;
			buildSettings = {
				ALWAYS_SEARCH_USER_PATHS = NO;
				COPY_PHASE_STRIP = YES;
				GCC_PRECOMPILE_PREFIX_HEADER = YES;
				GCC_PREFIX_HEADER = "SaveExample/SaveExample-Prefix.pch";
				INFOPLIST_FILE = "SaveExample/SaveExample-Info.plist";
				PRODUCT_NAME = "$(TARGET_NAME)";
				VALIDATE_PRODUCT = YES;
				WRAPPER_EXTENSION = app;
			};
			name = Release;
		};
/* End XCBuildConfiguration section */

/* Begin XCConfigurationList section */
		41CA16C913CBDCE50035C8D7 /* Build configuration list for PBXProject "SaveExample" */ = {
			isa = XCConfigurationList;
			buildConfigurations = (
				41CA16EE13CBDCE50035C8D7 /* Debug */,
				41CA16EF13CBDCE50035C8D7 /* Release */,
			);
			defaultConfigurationIsVisible = 0;
			defaultConfigurationName = Release;
		};
		41CA16F013CBDCE50035C8D7 /* Build configuration list for PBXNativeTarget "SaveExample" */ = {
			isa = XCConfigurationList;
			buildConfigurations = (
				41CA16F113CBDCE50035C8D7 /* Debug */,
				41CA16F213CBDCE50035C8D7 /* Release */,
			);
			defaultConfigurationIsVisible = 0;
			defaultConfigurationName = Release;
		};
/* End XCConfigurationList section */
	};
	rootObject = 41CA16C613CBDCE50035C8D7 /* Project object */;
}
